// !$*UTF8*$!
{
	archiveVersion = 1;
	classes = {
	};
	objectVersion = 50;
	objects = {

/* Begin PBXBuildFile section */
		8FC08561256595E9000FBF9E /* CoreDataStore.swift in Sources */ = {isa = PBXBuildFile; fileRef = 8FC08560256595E9000FBF9E /* CoreDataStore.swift */; };
		8FEE5C9725658CF300472077 /* CoreDataExampleApp.swift in Sources */ = {isa = PBXBuildFile; fileRef = 8FEE5C9625658CF300472077 /* CoreDataExampleApp.swift */; };
		8FEE5C9925658CF300472077 /* ContentView.swift in Sources */ = {isa = PBXBuildFile; fileRef = 8FEE5C9825658CF300472077 /* ContentView.swift */; };
		8FEE5C9B25658CF400472077 /* Assets.xcassets in Resources */ = {isa = PBXBuildFile; fileRef = 8FEE5C9A25658CF400472077 /* Assets.xcassets */; };
		8FEE5C9E25658CF400472077 /* Preview Assets.xcassets in Resources */ = {isa = PBXBuildFile; fileRef = 8FEE5C9D25658CF400472077 /* Preview Assets.xcassets */; };
		8FEE5CA325658CF400472077 /* CoreDataExample.xcdatamodeld in Sources */ = {isa = PBXBuildFile; fileRef = 8FEE5CA125658CF400472077 /* CoreDataExample.xcdatamodeld */; };
		8FEE5CAE25658CF400472077 /* CoreDataExampleTests.swift in Sources */ = {isa = PBXBuildFile; fileRef = 8FEE5CAD25658CF400472077 /* CoreDataExampleTests.swift */; };
		8FEE5CB925658CF400472077 /* CoreDataExampleUITests.swift in Sources */ = {isa = PBXBuildFile; fileRef = 8FEE5CB825658CF400472077 /* CoreDataExampleUITests.swift */; };
		8FFD6D472566F030005F41C3 /* CoreDataFetchResultsPublisher.swift in Sources */ = {isa = PBXBuildFile; fileRef = 8FFD6D462566F030005F41C3 /* CoreDataFetchResultsPublisher.swift */; };
		8FFD6D4C2566F052005F41C3 /* CoreDataDeleteModelPublisher.swift in Sources */ = {isa = PBXBuildFile; fileRef = 8FFD6D4B2566F052005F41C3 /* CoreDataDeleteModelPublisher.swift */; };
		8FFD6D512566F70A005F41C3 /* CoreDataSaveModelPublisher.swift in Sources */ = {isa = PBXBuildFile; fileRef = 8FFD6D502566F70A005F41C3 /* CoreDataSaveModelPublisher.swift */; };
/* End PBXBuildFile section */

/* Begin PBXContainerItemProxy section */
		8FEE5CAA25658CF400472077 /* PBXContainerItemProxy */ = {
			isa = PBXContainerItemProxy;
			containerPortal = 8FEE5C8B25658CF300472077 /* Project object */;
			proxyType = 1;
			remoteGlobalIDString = 8FEE5C9225658CF300472077;
			remoteInfo = CoreDataExample;
		};
		8FEE5CB525658CF400472077 /* PBXContainerItemProxy */ = {
			isa = PBXContainerItemProxy;
			containerPortal = 8FEE5C8B25658CF300472077 /* Project object */;
			proxyType = 1;
			remoteGlobalIDString = 8FEE5C9225658CF300472077;
			remoteInfo = CoreDataExample;
		};
/* End PBXContainerItemProxy section */

/* Begin PBXFileReference section */
		8FC08560256595E9000FBF9E /* CoreDataStore.swift */ = {isa = PBXFileReference; lastKnownFileType = sourcecode.swift; path = CoreDataStore.swift; sourceTree = "<group>"; };
		8FEE5C9325658CF300472077 /* CoreDataExample.app */ = {isa = PBXFileReference; explicitFileType = wrapper.application; includeInIndex = 0; path = CoreDataExample.app; sourceTree = BUILT_PRODUCTS_DIR; };
		8FEE5C9625658CF300472077 /* CoreDataExampleApp.swift */ = {isa = PBXFileReference; lastKnownFileType = sourcecode.swift; path = CoreDataExampleApp.swift; sourceTree = "<group>"; };
		8FEE5C9825658CF300472077 /* ContentView.swift */ = {isa = PBXFileReference; lastKnownFileType = sourcecode.swift; path = ContentView.swift; sourceTree = "<group>"; };
		8FEE5C9A25658CF400472077 /* Assets.xcassets */ = {isa = PBXFileReference; lastKnownFileType = folder.assetcatalog; path = Assets.xcassets; sourceTree = "<group>"; };
		8FEE5C9D25658CF400472077 /* Preview Assets.xcassets */ = {isa = PBXFileReference; lastKnownFileType = folder.assetcatalog; path = "Preview Assets.xcassets"; sourceTree = "<group>"; };
		8FEE5CA225658CF400472077 /* CoreDataExample.xcdatamodel */ = {isa = PBXFileReference; lastKnownFileType = wrapper.xcdatamodel; path = CoreDataExample.xcdatamodel; sourceTree = "<group>"; };
		8FEE5CA425658CF400472077 /* Info.plist */ = {isa = PBXFileReference; lastKnownFileType = text.plist.xml; path = Info.plist; sourceTree = "<group>"; };
		8FEE5CA925658CF400472077 /* CoreDataExampleTests.xctest */ = {isa = PBXFileReference; explicitFileType = wrapper.cfbundle; includeInIndex = 0; path = CoreDataExampleTests.xctest; sourceTree = BUILT_PRODUCTS_DIR; };
		8FEE5CAD25658CF400472077 /* CoreDataExampleTests.swift */ = {isa = PBXFileReference; lastKnownFileType = sourcecode.swift; path = CoreDataExampleTests.swift; sourceTree = "<group>"; };
		8FEE5CAF25658CF400472077 /* Info.plist */ = {isa = PBXFileReference; lastKnownFileType = text.plist.xml; path = Info.plist; sourceTree = "<group>"; };
		8FEE5CB425658CF400472077 /* CoreDataExampleUITests.xctest */ = {isa = PBXFileReference; explicitFileType = wrapper.cfbundle; includeInIndex = 0; path = CoreDataExampleUITests.xctest; sourceTree = BUILT_PRODUCTS_DIR; };
		8FEE5CB825658CF400472077 /* CoreDataExampleUITests.swift */ = {isa = PBXFileReference; lastKnownFileType = sourcecode.swift; path = CoreDataExampleUITests.swift; sourceTree = "<group>"; };
		8FEE5CBA25658CF400472077 /* Info.plist */ = {isa = PBXFileReference; lastKnownFileType = text.plist.xml; path = Info.plist; sourceTree = "<group>"; };
		8FFD6D462566F030005F41C3 /* CoreDataFetchResultsPublisher.swift */ = {isa = PBXFileReference; lastKnownFileType = sourcecode.swift; path = CoreDataFetchResultsPublisher.swift; sourceTree = "<group>"; };
		8FFD6D4B2566F052005F41C3 /* CoreDataDeleteModelPublisher.swift */ = {isa = PBXFileReference; lastKnownFileType = sourcecode.swift; path = CoreDataDeleteModelPublisher.swift; sourceTree = "<group>"; };
		8FFD6D502566F70A005F41C3 /* CoreDataSaveModelPublisher.swift */ = {isa = PBXFileReference; lastKnownFileType = sourcecode.swift; path = CoreDataSaveModelPublisher.swift; sourceTree = "<group>"; };
/* End PBXFileReference section */

/* Begin PBXFrameworksBuildPhase section */
		8FEE5C9025658CF300472077 /* Frameworks */ = {
			isa = PBXFrameworksBuildPhase;
			buildActionMask = 2147483647;
			files = (
			);
			runOnlyForDeploymentPostprocessing = 0;
		};
		8FEE5CA625658CF400472077 /* Frameworks */ = {
			isa = PBXFrameworksBuildPhase;
			buildActionMask = 2147483647;
			files = (
			);
			runOnlyForDeploymentPostprocessing = 0;
		};
		8FEE5CB125658CF400472077 /* Frameworks */ = {
			isa = PBXFrameworksBuildPhase;
			buildActionMask = 2147483647;
			files = (
			);
			runOnlyForDeploymentPostprocessing = 0;
		};
/* End PBXFrameworksBuildPhase section */

/* Begin PBXGroup section */
		8FEE5C8A25658CF300472077 = {
			isa = PBXGroup;
			children = (
				8FEE5C9525658CF300472077 /* CoreDataExample */,
				8FEE5CAC25658CF400472077 /* CoreDataExampleTests */,
				8FEE5CB725658CF400472077 /* CoreDataExampleUITests */,
				8FEE5C9425658CF300472077 /* Products */,
			);
			sourceTree = "<group>";
		};
		8FEE5C9425658CF300472077 /* Products */ = {
			isa = PBXGroup;
			children = (
				8FEE5C9325658CF300472077 /* CoreDataExample.app */,
				8FEE5CA925658CF400472077 /* CoreDataExampleTests.xctest */,
				8FEE5CB425658CF400472077 /* CoreDataExampleUITests.xctest */,
			);
			name = Products;
			sourceTree = "<group>";
		};
		8FEE5C9525658CF300472077 /* CoreDataExample */ = {
			isa = PBXGroup;
			children = (
				8FEE5C9625658CF300472077 /* CoreDataExampleApp.swift */,
				8FEE5C9825658CF300472077 /* ContentView.swift */,
				8FEE5C9A25658CF400472077 /* Assets.xcassets */,
				8FEE5CA425658CF400472077 /* Info.plist */,
				8FEE5CA125658CF400472077 /* CoreDataExample.xcdatamodeld */,
				8FEE5C9C25658CF400472077 /* Preview Content */,
				8FC08560256595E9000FBF9E /* CoreDataStore.swift */,
				8FFD6D462566F030005F41C3 /* CoreDataFetchResultsPublisher.swift */,
				8FFD6D4B2566F052005F41C3 /* CoreDataDeleteModelPublisher.swift */,
				8FFD6D502566F70A005F41C3 /* CoreDataSaveModelPublisher.swift */,
			);
			path = CoreDataExample;
			sourceTree = "<group>";
		};
		8FEE5C9C25658CF400472077 /* Preview Content */ = {
			isa = PBXGroup;
			children = (
				8FEE5C9D25658CF400472077 /* Preview Assets.xcassets */,
			);
			path = "Preview Content";
			sourceTree = "<group>";
		};
		8FEE5CAC25658CF400472077 /* CoreDataExampleTests */ = {
			isa = PBXGroup;
			children = (
				8FEE5CAD25658CF400472077 /* CoreDataExampleTests.swift */,
				8FEE5CAF25658CF400472077 /* Info.plist */,
			);
			path = CoreDataExampleTests;
			sourceTree = "<group>";
		};
		8FEE5CB725658CF400472077 /* CoreDataExampleUITests */ = {
			isa = PBXGroup;
			children = (
				8FEE5CB825658CF400472077 /* CoreDataExampleUITests.swift */,
				8FEE5CBA25658CF400472077 /* Info.plist */,
			);
			path = CoreDataExampleUITests;
			sourceTree = "<group>";
		};
/* End PBXGroup section */

/* Begin PBXNativeTarget section */
		8FEE5C9225658CF300472077 /* CoreDataExample */ = {
			isa = PBXNativeTarget;
			buildConfigurationList = 8FEE5CBD25658CF400472077 /* Build configuration list for PBXNativeTarget "CoreDataExample" */;
			buildPhases = (
				8FEE5C8F25658CF300472077 /* Sources */,
				8FEE5C9025658CF300472077 /* Frameworks */,
				8FEE5C9125658CF300472077 /* Resources */,
			);
			buildRules = (
			);
			dependencies = (
			);
			name = CoreDataExample;
			productName = CoreDataExample;
			productReference = 8FEE5C9325658CF300472077 /* CoreDataExample.app */;
			productType = "com.apple.product-type.application";
		};
		8FEE5CA825658CF400472077 /* CoreDataExampleTests */ = {
			isa = PBXNativeTarget;
			buildConfigurationList = 8FEE5CC025658CF400472077 /* Build configuration list for PBXNativeTarget "CoreDataExampleTests" */;
			buildPhases = (
				8FEE5CA525658CF400472077 /* Sources */,
				8FEE5CA625658CF400472077 /* Frameworks */,
				8FEE5CA725658CF400472077 /* Resources */,
			);
			buildRules = (
			);
			dependencies = (
				8FEE5CAB25658CF400472077 /* PBXTargetDependency */,
			);
			name = CoreDataExampleTests;
			productName = CoreDataExampleTests;
			productReference = 8FEE5CA925658CF400472077 /* CoreDataExampleTests.xctest */;
			productType = "com.apple.product-type.bundle.unit-test";
		};
		8FEE5CB325658CF400472077 /* CoreDataExampleUITests */ = {
			isa = PBXNativeTarget;
			buildConfigurationList = 8FEE5CC325658CF400472077 /* Build configuration list for PBXNativeTarget "CoreDataExampleUITests" */;
			buildPhases = (
				8FEE5CB025658CF400472077 /* Sources */,
				8FEE5CB125658CF400472077 /* Frameworks */,
				8FEE5CB225658CF400472077 /* Resources */,
			);
			buildRules = (
			);
			dependencies = (
				8FEE5CB625658CF400472077 /* PBXTargetDependency */,
			);
			name = CoreDataExampleUITests;
			productName = CoreDataExampleUITests;
			productReference = 8FEE5CB425658CF400472077 /* CoreDataExampleUITests.xctest */;
			productType = "com.apple.product-type.bundle.ui-testing";
		};
/* End PBXNativeTarget section */

/* Begin PBXProject section */
		8FEE5C8B25658CF300472077 /* Project object */ = {
			isa = PBXProject;
			attributes = {
				LastSwiftUpdateCheck = 1200;
				LastUpgradeCheck = 1200;
				TargetAttributes = {
					8FEE5C9225658CF300472077 = {
						CreatedOnToolsVersion = 12.0.1;
					};
					8FEE5CA825658CF400472077 = {
						CreatedOnToolsVersion = 12.0.1;
						TestTargetID = 8FEE5C9225658CF300472077;
					};
					8FEE5CB325658CF400472077 = {
						CreatedOnToolsVersion = 12.0.1;
						TestTargetID = 8FEE5C9225658CF300472077;
					};
				};
			};
			buildConfigurationList = 8FEE5C8E25658CF300472077 /* Build configuration list for PBXProject "CoreDataExample" */;
			compatibilityVersion = "Xcode 9.3";
			developmentRegion = en;
			hasScannedForEncodings = 0;
			knownRegions = (
				en,
				Base,
			);
			mainGroup = 8FEE5C8A25658CF300472077;
			productRefGroup = 8FEE5C9425658CF300472077 /* Products */;
			projectDirPath = "";
			projectRoot = "";
			targets = (
				8FEE5C9225658CF300472077 /* CoreDataExample */,
				8FEE5CA825658CF400472077 /* CoreDataExampleTests */,
				8FEE5CB325658CF400472077 /* CoreDataExampleUITests */,
			);
		};
/* End PBXProject section */

/* Begin PBXResourcesBuildPhase section */
		8FEE5C9125658CF300472077 /* Resources */ = {
			isa = PBXResourcesBuildPhase;
			buildActionMask = 2147483647;
			files = (
				8FEE5C9E25658CF400472077 /* Preview Assets.xcassets in Resources */,
				8FEE5C9B25658CF400472077 /* Assets.xcassets in Resources */,
			);
			runOnlyForDeploymentPostprocessing = 0;
		};
		8FEE5CA725658CF400472077 /* Resources */ = {
			isa = PBXResourcesBuildPhase;
			buildActionMask = 2147483647;
			files = (
			);
			runOnlyForDeploymentPostprocessing = 0;
		};
		8FEE5CB225658CF400472077 /* Resources */ = {
			isa = PBXResourcesBuildPhase;
			buildActionMask = 2147483647;
			files = (
			);
			runOnlyForDeploymentPostprocessing = 0;
		};
/* End PBXResourcesBuildPhase section */

/* Begin PBXSourcesBuildPhase section */
		8FEE5C8F25658CF300472077 /* Sources */ = {
			isa = PBXSourcesBuildPhase;
			buildActionMask = 2147483647;
			files = (
				8FFD6D4C2566F052005F41C3 /* CoreDataDeleteModelPublisher.swift in Sources */,
				8FEE5C9925658CF300472077 /* ContentView.swift in Sources */,
				8FEE5C9725658CF300472077 /* CoreDataExampleApp.swift in Sources */,
				8FC08561256595E9000FBF9E /* CoreDataStore.swift in Sources */,
				8FFD6D472566F030005F41C3 /* CoreDataFetchResultsPublisher.swift in Sources */,
				8FFD6D512566F70A005F41C3 /* CoreDataSaveModelPublisher.swift in Sources */,
				8FEE5CA325658CF400472077 /* CoreDataExample.xcdatamodeld in Sources */,
			);
			runOnlyForDeploymentPostprocessing = 0;
		};
		8FEE5CA525658CF400472077 /* Sources */ = {
			isa = PBXSourcesBuildPhase;
			buildActionMask = 2147483647;
			files = (
				8FEE5CAE25658CF400472077 /* CoreDataExampleTests.swift in Sources */,
			);
			runOnlyForDeploymentPostprocessing = 0;
		};
		8FEE5CB025658CF400472077 /* Sources */ = {
			isa = PBXSourcesBuildPhase;
			buildActionMask = 2147483647;
			files = (
				8FEE5CB925658CF400472077 /* CoreDataExampleUITests.swift in Sources */,
			);
			runOnlyForDeploymentPostprocessing = 0;
		};
/* End PBXSourcesBuildPhase section */

/* Begin PBXTargetDependency section */
		8FEE5CAB25658CF400472077 /* PBXTargetDependency */ = {
			isa = PBXTargetDependency;
			target = 8FEE5C9225658CF300472077 /* CoreDataExample */;
			targetProxy = 8FEE5CAA25658CF400472077 /* PBXContainerItemProxy */;
		};
		8FEE5CB625658CF400472077 /* PBXTargetDependency */ = {
			isa = PBXTargetDependency;
			target = 8FEE5C9225658CF300472077 /* CoreDataExample */;
			targetProxy = 8FEE5CB525658CF400472077 /* PBXContainerItemProxy */;
		};
/* End PBXTargetDependency section */

/* Begin XCBuildConfiguration section */
		8FEE5CBB25658CF400472077 /* Debug */ = {
			isa = XCBuildConfiguration;
			buildSettings = {
				ALWAYS_SEARCH_USER_PATHS = NO;
				CLANG_ANALYZER_NONNULL = YES;
				CLANG_ANALYZER_NUMBER_OBJECT_CONVERSION = YES_AGGRESSIVE;
				CLANG_CXX_LANGUAGE_STANDARD = "gnu++14";
				CLANG_CXX_LIBRARY = "libc++";
				CLANG_ENABLE_MODULES = YES;
				CLANG_ENABLE_OBJC_ARC = YES;
				CLANG_ENABLE_OBJC_WEAK = YES;
				CLANG_WARN_BLOCK_CAPTURE_AUTORELEASING = YES;
				CLANG_WARN_BOOL_CONVERSION = YES;
				CLANG_WARN_COMMA = YES;
				CLANG_WARN_CONSTANT_CONVERSION = YES;
				CLANG_WARN_DEPRECATED_OBJC_IMPLEMENTATIONS = YES;
				CLANG_WARN_DIRECT_OBJC_ISA_USAGE = YES_ERROR;
				CLANG_WARN_DOCUMENTATION_COMMENTS = YES;
				CLANG_WARN_EMPTY_BODY = YES;
				CLANG_WARN_ENUM_CONVERSION = YES;
				CLANG_WARN_INFINITE_RECURSION = YES;
				CLANG_WARN_INT_CONVERSION = YES;
				CLANG_WARN_NON_LITERAL_NULL_CONVERSION = YES;
				CLANG_WARN_OBJC_IMPLICIT_RETAIN_SELF = YES;
				CLANG_WARN_OBJC_LITERAL_CONVERSION = YES;
				CLANG_WARN_OBJC_ROOT_CLASS = YES_ERROR;
				CLANG_WARN_QUOTED_INCLUDE_IN_FRAMEWORK_HEADER = YES;
				CLANG_WARN_RANGE_LOOP_ANALYSIS = YES;
				CLANG_WARN_STRICT_PROTOTYPES = YES;
				CLANG_WARN_SUSPICIOUS_MOVE = YES;
				CLANG_WARN_UNGUARDED_AVAILABILITY = YES_AGGRESSIVE;
				CLANG_WARN_UNREACHABLE_CODE = YES;
				CLANG_WARN__DUPLICATE_METHOD_MATCH = YES;
				COPY_PHASE_STRIP = NO;
				DEBUG_INFORMATION_FORMAT = dwarf;
				ENABLE_STRICT_OBJC_MSGSEND = YES;
				ENABLE_TESTABILITY = YES;
				GCC_C_LANGUAGE_STANDARD = gnu11;
				GCC_DYNAMIC_NO_PIC = NO;
				GCC_NO_COMMON_BLOCKS = YES;
				GCC_OPTIMIZATION_LEVEL = 0;
				GCC_PREPROCESSOR_DEFINITIONS = (
					"DEBUG=1",
					"$(inherited)",
				);
				GCC_WARN_64_TO_32_BIT_CONVERSION = YES;
				GCC_WARN_ABOUT_RETURN_TYPE = YES_ERROR;
				GCC_WARN_UNDECLARED_SELECTOR = YES;
				GCC_WARN_UNINITIALIZED_AUTOS = YES_AGGRESSIVE;
				GCC_WARN_UNUSED_FUNCTION = YES;
				GCC_WARN_UNUSED_VARIABLE = YES;
				IPHONEOS_DEPLOYMENT_TARGET = 14.0;
				MTL_ENABLE_DEBUG_INFO = INCLUDE_SOURCE;
				MTL_FAST_MATH = YES;
				ONLY_ACTIVE_ARCH = YES;
				SDKROOT = iphoneos;
				SWIFT_ACTIVE_COMPILATION_CONDITIONS = DEBUG;
				SWIFT_OPTIMIZATION_LEVEL = "-Onone";
			};
			name = Debug;
		};
		8FEE5CBC25658CF400472077 /* Release */ = {
			isa = XCBuildConfiguration;
			buildSettings = {
				ALWAYS_SEARCH_USER_PATHS = NO;
				CLANG_ANALYZER_NONNULL = YES;
				CLANG_ANALYZER_NUMBER_OBJECT_CONVERSION = YES_AGGRESSIVE;
				CLANG_CXX_LANGUAGE_STANDARD = "gnu++14";
				CLANG_CXX_LIBRARY = "libc++";
				CLANG_ENABLE_MODULES = YES;
				CLANG_ENABLE_OBJC_ARC = YES;
				CLANG_ENABLE_OBJC_WEAK = YES;
				CLANG_WARN_BLOCK_CAPTURE_AUTORELEASING = YES;
				CLANG_WARN_BOOL_CONVERSION = YES;
				CLANG_WARN_COMMA = YES;
				CLANG_WARN_CONSTANT_CONVERSION = YES;
				CLANG_WARN_DEPRECATED_OBJC_IMPLEMENTATIONS = YES;
				CLANG_WARN_DIRECT_OBJC_ISA_USAGE = YES_ERROR;
				CLANG_WARN_DOCUMENTATION_COMMENTS = YES;
				CLANG_WARN_EMPTY_BODY = YES;
				CLANG_WARN_ENUM_CONVERSION = YES;
				CLANG_WARN_INFINITE_RECURSION = YES;
				CLANG_WARN_INT_CONVERSION = YES;
				CLANG_WARN_NON_LITERAL_NULL_CONVERSION = YES;
				CLANG_WARN_OBJC_IMPLICIT_RETAIN_SELF = YES;
				CLANG_WARN_OBJC_LITERAL_CONVERSION = YES;
				CLANG_WARN_OBJC_ROOT_CLASS = YES_ERROR;
				CLANG_WARN_QUOTED_INCLUDE_IN_FRAMEWORK_HEADER = YES;
				CLANG_WARN_RANGE_LOOP_ANALYSIS = YES;
				CLANG_WARN_STRICT_PROTOTYPES = YES;
				CLANG_WARN_SUSPICIOUS_MOVE = YES;
				CLANG_WARN_UNGUARDED_AVAILABILITY = YES_AGGRESSIVE;
				CLANG_WARN_UNREACHABLE_CODE = YES;
				CLANG_WARN__DUPLICATE_METHOD_MATCH = YES;
				COPY_PHASE_STRIP = NO;
				DEBUG_INFORMATION_FORMAT = "dwarf-with-dsym";
				ENABLE_NS_ASSERTIONS = NO;
				ENABLE_STRICT_OBJC_MSGSEND = YES;
				GCC_C_LANGUAGE_STANDARD = gnu11;
				GCC_NO_COMMON_BLOCKS = YES;
				GCC_WARN_64_TO_32_BIT_CONVERSION = YES;
				GCC_WARN_ABOUT_RETURN_TYPE = YES_ERROR;
				GCC_WARN_UNDECLARED_SELECTOR = YES;
				GCC_WARN_UNINITIALIZED_AUTOS = YES_AGGRESSIVE;
				GCC_WARN_UNUSED_FUNCTION = YES;
				GCC_WARN_UNUSED_VARIABLE = YES;
				IPHONEOS_DEPLOYMENT_TARGET = 14.0;
				MTL_ENABLE_DEBUG_INFO = NO;
				MTL_FAST_MATH = YES;
				SDKROOT = iphoneos;
				SWIFT_COMPILATION_MODE = wholemodule;
				SWIFT_OPTIMIZATION_LEVEL = "-O";
				VALIDATE_PRODUCT = YES;
			};
			name = Release;
		};
		8FEE5CBE25658CF400472077 /* Debug */ = {
			isa = XCBuildConfiguration;
			buildSettings = {
				ASSETCATALOG_COMPILER_APPICON_NAME = AppIcon;
				ASSETCATALOG_COMPILER_GLOBAL_ACCENT_COLOR_NAME = AccentColor;
				CODE_SIGN_STYLE = Automatic;
				DEVELOPMENT_ASSET_PATHS = "\"CoreDataExample/Preview Content\"";
				ENABLE_PREVIEWS = YES;
				INFOPLIST_FILE = CoreDataExample/Info.plist;
				IPHONEOS_DEPLOYMENT_TARGET = 14.0;
				LD_RUNPATH_SEARCH_PATHS = (
					"$(inherited)",
					"@executable_path/Frameworks",
				);
				PRODUCT_BUNDLE_IDENTIFIER = Bassem.Qoulta.CoreDataExample;
				PRODUCT_NAME = "$(TARGET_NAME)";
				SWIFT_VERSION = 5.0;
				TARGETED_DEVICE_FAMILY = "1,2";
			};
			name = Debug;
		};
		8FEE5CBF25658CF400472077 /* Release */ = {
			isa = XCBuildConfiguration;
			buildSettings = {
				ASSETCATALOG_COMPILER_APPICON_NAME = AppIcon;
				ASSETCATALOG_COMPILER_GLOBAL_ACCENT_COLOR_NAME = AccentColor;
				CODE_SIGN_STYLE = Automatic;
				DEVELOPMENT_ASSET_PATHS = "\"CoreDataExample/Preview Content\"";
				ENABLE_PREVIEWS = YES;
				INFOPLIST_FILE = CoreDataExample/Info.plist;
				IPHONEOS_DEPLOYMENT_TARGET = 14.0;
				LD_RUNPATH_SEARCH_PATHS = (
					"$(inherited)",
					"@executable_path/Frameworks",
				);
				PRODUCT_BUNDLE_IDENTIFIER = Bassem.Qoulta.CoreDataExample;
				PRODUCT_NAME = "$(TARGET_NAME)";
				SWIFT_VERSION = 5.0;
				TARGETED_DEVICE_FAMILY = "1,2";
			};
			name = Release;
		};
		8FEE5CC125658CF400472077 /* Debug */ = {
			isa = XCBuildConfiguration;
			buildSettings = {
				ALWAYS_EMBED_SWIFT_STANDARD_LIBRARIES = YES;
				BUNDLE_LOADER = "$(TEST_HOST)";
				CODE_SIGN_STYLE = Automatic;
				INFOPLIST_FILE = CoreDataExampleTests/Info.plist;
				IPHONEOS_DEPLOYMENT_TARGET = 14.0;
				LD_RUNPATH_SEARCH_PATHS = (
					"$(inherited)",
					"@executable_path/Frameworks",
					"@loader_path/Frameworks",
				);
				PRODUCT_BUNDLE_IDENTIFIER = Bassem.Qoulta.CoreDataExampleTests;
				PRODUCT_NAME = "$(TARGET_NAME)";
				SWIFT_VERSION = 5.0;
				TARGETED_DEVICE_FAMILY = "1,2";
				TEST_HOST = "$(BUILT_PRODUCTS_DIR)/CoreDataExample.app/CoreDataExample";
			};
			name = Debug;
		};
		8FEE5CC225658CF400472077 /* Release */ = {
			isa = XCBuildConfiguration;
			buildSettings = {
				ALWAYS_EMBED_SWIFT_STANDARD_LIBRARIES = YES;
				BUNDLE_LOADER = "$(TEST_HOST)";
				CODE_SIGN_STYLE = Automatic;
				INFOPLIST_FILE = CoreDataExampleTests/Info.plist;
				IPHONEOS_DEPLOYMENT_TARGET = 14.0;
				LD_RUNPATH_SEARCH_PATHS = (
					"$(inherited)",
					"@executable_path/Frameworks",
					"@loader_path/Frameworks",
				);
				PRODUCT_BUNDLE_IDENTIFIER = Bassem.Qoulta.CoreDataExampleTests;
				PRODUCT_NAME = "$(TARGET_NAME)";
				SWIFT_VERSION = 5.0;
				TARGETED_DEVICE_FAMILY = "1,2";
				TEST_HOST = "$(BUILT_PRODUCTS_DIR)/CoreDataExample.app/CoreDataExample";
			};
			name = Release;
		};
		8FEE5CC425658CF400472077 /* Debug */ = {
			isa = XCBuildConfiguration;
			buildSettings = {
				ALWAYS_EMBED_SWIFT_STANDARD_LIBRARIES = YES;
				CODE_SIGN_STYLE = Automatic;
				INFOPLIST_FILE = CoreDataExampleUITests/Info.plist;
				LD_RUNPATH_SEARCH_PATHS = (
					"$(inherited)",
					"@executable_path/Frameworks",
					"@loader_path/Frameworks",
				);
				PRODUCT_BUNDLE_IDENTIFIER = Bassem.Qoulta.CoreDataExampleUITests;
				PRODUCT_NAME = "$(TARGET_NAME)";
				SWIFT_VERSION = 5.0;
				TARGETED_DEVICE_FAMILY = "1,2";
				TEST_TARGET_NAME = CoreDataExample;
			};
			name = Debug;
		};
		8FEE5CC525658CF400472077 /* Release */ = {
			isa = XCBuildConfiguration;
			buildSettings = {
				ALWAYS_EMBED_SWIFT_STANDARD_LIBRARIES = YES;
				CODE_SIGN_STYLE = Automatic;
				INFOPLIST_FILE = CoreDataExampleUITests/Info.plist;
				LD_RUNPATH_SEARCH_PATHS = (
					"$(inherited)",
					"@executable_path/Frameworks",
					"@loader_path/Frameworks",
				);
				PRODUCT_BUNDLE_IDENTIFIER = Bassem.Qoulta.CoreDataExampleUITests;
				PRODUCT_NAME = "$(TARGET_NAME)";
				SWIFT_VERSION = 5.0;
				TARGETED_DEVICE_FAMILY = "1,2";
				TEST_TARGET_NAME = CoreDataExample;
			};
			name = Release;
		};
/* End XCBuildConfiguration section */

/* Begin XCConfigurationList section */
		8FEE5C8E25658CF300472077 /* Build configuration list for PBXProject "CoreDataExample" */ = {
			isa = XCConfigurationList;
			buildConfigurations = (
				8FEE5CBB25658CF400472077 /* Debug */,
				8FEE5CBC25658CF400472077 /* Release */,
			);
			defaultConfigurationIsVisible = 0;
			defaultConfigurationName = Release;
		};
		8FEE5CBD25658CF400472077 /* Build configuration list for PBXNativeTarget "CoreDataExample" */ = {
			isa = XCConfigurationList;
			buildConfigurations = (
				8FEE5CBE25658CF400472077 /* Debug */,
				8FEE5CBF25658CF400472077 /* Release */,
			);
			defaultConfigurationIsVisible = 0;
			defaultConfigurationName = Release;
		};
		8FEE5CC025658CF400472077 /* Build configuration list for PBXNativeTarget "CoreDataExampleTests" */ = {
			isa = XCConfigurationList;
			buildConfigurations = (
				8FEE5CC125658CF400472077 /* Debug */,
				8FEE5CC225658CF400472077 /* Release */,
			);
			defaultConfigurationIsVisible = 0;
			defaultConfigurationName = Release;
		};
		8FEE5CC325658CF400472077 /* Build configuration list for PBXNativeTarget "CoreDataExampleUITests" */ = {
			isa = XCConfigurationList;
			buildConfigurations = (
				8FEE5CC425658CF400472077 /* Debug */,
				8FEE5CC525658CF400472077 /* Release */,
			);
			defaultConfigurationIsVisible = 0;
			defaultConfigurationName = Release;
		};
/* End XCConfigurationList section */

/* Begin XCVersionGroup section */
		8FEE5CA125658CF400472077 /* CoreDataExample.xcdatamodeld */ = {
			isa = XCVersionGroup;
			children = (
				8FEE5CA225658CF400472077 /* CoreDataExample.xcdatamodel */,
			);
			currentVersion = 8FEE5CA225658CF400472077 /* CoreDataExample.xcdatamodel */;
			path = CoreDataExample.xcdatamodeld;
			sourceTree = "<group>";
			versionGroupType = wrapper.xcdatamodel;
		};
/* End XCVersionGroup section */
	};
	rootObject = 8FEE5C8B25658CF300472077 /* Project object */;
}
